
Microsoft Visual Studio Solution File, Format Version 12.00
# Visual Studio Version 17
VisualStudioVersion = 17.2.32516.85
MinimumVisualStudioVersion = 10.0.40219.1
Project("{9A19103F-16F7-4668-BE54-9A1E7A4F7556}") = "WeatherAppProject", "WeatherAppProject\WeatherAppProject\WeatherAppProject.csproj", "{EBE5226F-4339-407C-BCF8-CEEE884116F9}"
EndProject
Project("{FAE04EC0-301F-11D3-BF4B-00C04F79EFBC}") = "WeatherAppProject.Android", "WeatherAppProject\WeatherAppProject.Android\WeatherAppProject.Android.csproj", "{2BCF013D-F4F5-463A-90C5-7314970001BA}"
EndProject
Global
	GlobalSection(SolutionConfigurationPlatforms) = preSolution
		Debug|Any CPU = Debug|Any CPU
		Release|Any CPU = Release|Any CPU
	EndGlobalSection
	GlobalSection(ProjectConfigurationPlatforms) = postSolution
		{EBE5226F-4339-407C-BCF8-CEEE884116F9}.Debug|Any CPU.ActiveCfg = Debug|Any CPU
		{EBE5226F-4339-407C-BCF8-CEEE884116F9}.Debug|Any CPU.Build.0 = Debug|Any CPU
		{EBE5226F-4339-407C-BCF8-CEEE884116F9}.Release|Any CPU.ActiveCfg = Release|Any CPU
		{EBE5226F-4339-407C-BCF8-CEEE884116F9}.Release|Any CPU.Build.0 = Release|Any CPU
		{2BCF013D-F4F5-463A-90C5-7314970001BA}.Debug|Any CPU.ActiveCfg = Debug|Any CPU
		{2BCF013D-F4F5-463A-90C5-7314970001BA}.Debug|Any CPU.Build.0 = Debug|Any CPU
		{2BCF013D-F4F5-463A-90C5-7314970001BA}.Debug|Any CPU.Deploy.0 = Debug|Any CPU
		{2BCF013D-F4F5-463A-90C5-7314970001BA}.Release|Any CPU.ActiveCfg = Release|Any CPU
		{2BCF013D-F4F5-463A-90C5-7314970001BA}.Release|Any CPU.Build.0 = Release|Any CPU
		{2BCF013D-F4F5-463A-90C5-7314970001BA}.Release|Any CPU.Deploy.0 = Release|Any CPU
	EndGlobalSection
	GlobalSection(SolutionProperties) = preSolution
		HideSolutionNode = FALSE
	EndGlobalSection
	GlobalSection(ExtensibilityGlobals) = postSolution
		SolutionGuid = {A610D764-7764-44B3-A0C8-4095CAFF3EEF}
	EndGlobalSection
EndGlobal
